
Microsoft Visual Studio Solution File, Format Version 12.00
# Visual Studio 15
VisualStudioVersion = 15.0.28307.1500
MinimumVisualStudioVersion = 10.0.40219.1
Project("{FAE04EC0-301F-11D3-BF4B-00C04F79EFBC}") = "register2", "register2\register2.csproj", "{CC8668A2-575C-4AC5-9D08-619AF14FCEB3}"
EndProject
Global
	GlobalSection(SolutionConfigurationPlatforms) = preSolution
		Debug|Any CPU = Debug|Any CPU
		Release|Any CPU = Release|Any CPU
	EndGlobalSection
	GlobalSection(ProjectConfigurationPlatforms) = postSolution
		{CC8668A2-575C-4AC5-9D08-619AF14FCEB3}.Debug|Any CPU.ActiveCfg = Debug|Any CPU
		{CC8668A2-575C-4AC5-9D08-619AF14FCEB3}.Debug|Any CPU.Build.0 = Debug|Any CPU
		{CC8668A2-575C-4AC5-9D08-619AF14FCEB3}.Release|Any CPU.ActiveCfg = Release|Any CPU
		{CC8668A2-575C-4AC5-9D08-619AF14FCEB3}.Release|Any CPU.Build.0 = Release|Any CPU
	EndGlobalSection
	GlobalSection(SolutionProperties) = preSolution
		HideSolutionNode = FALSE
	EndGlobalSection
	GlobalSection(ExtensibilityGlobals) = postSolution
		SolutionGuid = {45297B57-C91E-44CA-B5AB-DBD832080F10}
	EndGlobalSection
EndGlobal
